{
  "name": "oneworldnet-",
  "lockfileVersion": 3,
  "requires": true,
  "packages": {
    "": {
      "dependencies": {
        "@vercel/kv": "^3.0.0",
        "redis": "^5.8.1"
      }
    },
    "node_modules/@redis/bloom": {
      "version": "5.8.1",
      "resolved": "https://registry.npmjs.org/@redis/bloom/-/bloom-5.8.1.tgz",
      "integrity": "sha512-hJOJr/yX6BttnyZ+nxD3Ddiu2lPig4XJjyAK1v7OSHOJNUTfn3RHBryB9wgnBMBdkg9glVh2AjItxIXmr600MA==",
      "engines": {
        "node": ">= 18"
      },
      "peerDependencies": {
        "@redis/client": "^5.8.1"
      }
    },
    "node_modules/@redis/client": {
      "version": "5.8.1",
      "resolved": "https://registry.npmjs.org/@redis/client/-/client-5.8.1.tgz",
      "integrity": "sha512-hD5Tvv7G0t8b3w8ao3kQ4jEPUmUUC6pqA18c8ciYF5xZGfUGBg0olQHW46v6qSt4O5bxOuB3uV7pM6H5wEjBwA==",
      "dependencies": {
        "cluster-key-slot": "1.1.2"
      },
      "engines": {
        "node": ">= 18"
      }
    },
    "node_modules/@redis/json": {
      "version": "5.8.1",
      "resolved": "https://registry.npmjs.org/@redis/json/-/json-5.8.1.tgz",
      "integrity": "sha512-kyvM8Vn+WjJI++nRsIoI9TbdfCs1/TgD0Hp7Z7GiG6W4IEBzkXGQakli+R5BoJzUfgh7gED2fkncYy1NLprMNg==",
      "engines": {
        "node": ">= 18"
      },
      "peerDependencies": {
        "@redis/client": "^5.8.1"
      }
    },
    "node_modules/@redis/search": {
      "version": "5.8.1",
      "resolved": "https://registry.npmjs.org/@redis/search/-/search-5.8.1.tgz",
      "integrity": "sha512-CzuKNTInTNQkxqehSn7QiYcM+th+fhjQn5ilTvksP1wPjpxqK0qWt92oYg3XZc3tO2WuXkqDvTujc4D7kb6r/A==",
      "engines": {
        "node": ">= 18"
      },
      "peerDependencies": {
        "@redis/client": "^5.8.1"
      }
    },
    "node_modules/@redis/time-series": {
      "version": "5.8.1",
      "resolved": "https://registry.npmjs.org/@redis/time-series/-/time-series-5.8.1.tgz",
      "integrity": "sha512-klvdR96U9oSOyqvcectoAGhYlMOnMS3I5UWUOgdBn1buMODiwM/E4Eds7gxldKmtowe4rLJSF1CyIqyZTjy8Ow==",
      "engines": {
        "node": ">= 18"
      },
      "peerDependencies": {
        "@redis/client": "^5.8.1"
      }
    },
    "node_modules/@upstash/redis": {
      "version": "1.35.3",
      "resolved": "https://registry.npmjs.org/@upstash/redis/-/redis-1.35.3.tgz",
      "integrity": "sha512-hSjv66NOuahW3MisRGlSgoszU2uONAY2l5Qo3Sae8OT3/Tng9K+2/cBRuyPBX8egwEGcNNCF9+r0V6grNnhL+w==",
      "dependencies": {
        "uncrypto": "^0.1.3"
      }
    },
    "node_modules/@vercel/kv": {
      "version": "3.0.0",
      "resolved": "https://registry.npmjs.org/@vercel/kv/-/kv-3.0.0.tgz",
      "integrity": "sha512-pKT8fRnfyYk2MgvyB6fn6ipJPCdfZwiKDdw7vB+HL50rjboEBHDVBEcnwfkEpVSp2AjNtoaOUH7zG+bVC/rvSg==",
      "dependencies": {
        "@upstash/redis": "^1.34.0"
      },
      "engines": {
        "node": ">=14.6"
      }
    },
    "node_modules/cluster-key-slot": {
      "version": "1.1.2",
      "resolved": "https://registry.npmjs.org/cluster-key-slot/-/cluster-key-slot-1.1.2.tgz",
      "integrity": "sha512-RMr0FhtfXemyinomL4hrWcYJxmX6deFdCxpJzhDttxgO1+bcCnkk+9drydLVDmAMG7NE6aN/fl4F7ucU/90gAA==",
      "engines": {
        "node": ">=0.10.0"
      }
    },
    "node_modules/redis": {
      "version": "5.8.1",
      "resolved": "https://registry.npmjs.org/redis/-/redis-5.8.1.tgz",
      "integrity": "sha512-RZjBKYX/qFF809x6vDcE5VA6L3MmiuT+BkbXbIyyyeU0lPD47V4z8qTzN+Z/kKFwpojwCItOfaItYuAjNs8pTQ==",
      "dependencies": {
        "@redis/bloom": "5.8.1",
        "@redis/client": "5.8.1",
        "@redis/json": "5.8.1",
        "@redis/search": "5.8.1",
        "@redis/time-series": "5.8.1"
      },
      "engines": {
        "node": ">= 18"
      }
    },
    "node_modules/uncrypto": {
      "version": "0.1.3",
      "resolved": "https://registry.npmjs.org/uncrypto/-/uncrypto-0.1.3.tgz",
      "integrity": "sha512-Ql87qFHB3s/De2ClA9e0gsnS6zXG27SkTiSJwjCc9MebbfapQfuPzumMIUMi38ezPZVNFcHI9sUIepeQfw8J8Q=="
    }
  }
}
